
Microsoft Visual Studio Solution File, Format Version 12.00
# Visual Studio 14
VisualStudioVersion = 14.0.25123.0
MinimumVisualStudioVersion = 10.0.40219.1
Project("{8BC9CEB8-8B4A-11D0-8D11-00A0C91BC942}") = "pcars_uspstream", "pcars_uspstream\pcars_uspstream.vcxproj", "{B3AE0EF3-D396-4A1F-B311-A72D4CF56F60}"
EndProject
Project("{8BC9CEB8-8B4A-11D0-8D11-00A0C91BC942}") = "Common", "..\..\..\..\Common\Common\Common.vcxproj", "{EF9CA22D-0C8F-42E9-AB66-98BC1A640F10}"
EndProject
Project("{8BC9CEB8-8B4A-11D0-8D11-00A0C91BC942}") = "Network", "..\..\..\..\Common\Network\Network.vcxproj", "{A202AA06-F0EE-4B05-86DE-DA63B9F146D4}"
EndProject
Global
	GlobalSection(SolutionConfigurationPlatforms) = preSolution
		Debug_DLL|x64 = Debug_DLL|x64
		Debug_DLL|x86 = Debug_DLL|x86
		Debug|x64 = Debug|x64
		Debug|x86 = Debug|x86
		Release_DLL|x64 = Release_DLL|x64
		Release_DLL|x86 = Release_DLL|x86
		Release|x64 = Release|x64
		Release|x86 = Release|x86
	EndGlobalSection
	GlobalSection(ProjectConfigurationPlatforms) = postSolution
		{B3AE0EF3-D396-4A1F-B311-A72D4CF56F60}.Debug_DLL|x64.ActiveCfg = Debug|x64
		{B3AE0EF3-D396-4A1F-B311-A72D4CF56F60}.Debug_DLL|x64.Build.0 = Debug|x64
		{B3AE0EF3-D396-4A1F-B311-A72D4CF56F60}.Debug_DLL|x86.ActiveCfg = Debug|Win32
		{B3AE0EF3-D396-4A1F-B311-A72D4CF56F60}.Debug_DLL|x86.Build.0 = Debug|Win32
		{B3AE0EF3-D396-4A1F-B311-A72D4CF56F60}.Debug|x64.ActiveCfg = Debug|x64
		{B3AE0EF3-D396-4A1F-B311-A72D4CF56F60}.Debug|x64.Build.0 = Debug|x64
		{B3AE0EF3-D396-4A1F-B311-A72D4CF56F60}.Debug|x86.ActiveCfg = Debug|Win32
		{B3AE0EF3-D396-4A1F-B311-A72D4CF56F60}.Debug|x86.Build.0 = Debug|Win32
		{B3AE0EF3-D396-4A1F-B311-A72D4CF56F60}.Release_DLL|x64.ActiveCfg = Release|x64
		{B3AE0EF3-D396-4A1F-B311-A72D4CF56F60}.Release_DLL|x64.Build.0 = Release|x64
		{B3AE0EF3-D396-4A1F-B311-A72D4CF56F60}.Release_DLL|x86.ActiveCfg = Release|Win32
		{B3AE0EF3-D396-4A1F-B311-A72D4CF56F60}.Release_DLL|x86.Build.0 = Release|Win32
		{B3AE0EF3-D396-4A1F-B311-A72D4CF56F60}.Release|x64.ActiveCfg = Release|x64
		{B3AE0EF3-D396-4A1F-B311-A72D4CF56F60}.Release|x64.Build.0 = Release|x64
		{B3AE0EF3-D396-4A1F-B311-A72D4CF56F60}.Release|x86.ActiveCfg = Release|Win32
		{B3AE0EF3-D396-4A1F-B311-A72D4CF56F60}.Release|x86.Build.0 = Release|Win32
		{EF9CA22D-0C8F-42E9-AB66-98BC1A640F10}.Debug_DLL|x64.ActiveCfg = Debug_DLL|x64
		{EF9CA22D-0C8F-42E9-AB66-98BC1A640F10}.Debug_DLL|x64.Build.0 = Debug_DLL|x64
		{EF9CA22D-0C8F-42E9-AB66-98BC1A640F10}.Debug_DLL|x86.ActiveCfg = Debug_DLL|Win32
		{EF9CA22D-0C8F-42E9-AB66-98BC1A640F10}.Debug_DLL|x86.Build.0 = Debug_DLL|Win32
		{EF9CA22D-0C8F-42E9-AB66-98BC1A640F10}.Debug|x64.ActiveCfg = Debug|x64
		{EF9CA22D-0C8F-42E9-AB66-98BC1A640F10}.Debug|x64.Build.0 = Debug|x64
		{EF9CA22D-0C8F-42E9-AB66-98BC1A640F10}.Debug|x86.ActiveCfg = Debug|Win32
		{EF9CA22D-0C8F-42E9-AB66-98BC1A640F10}.Debug|x86.Build.0 = Debug|Win32
		{EF9CA22D-0C8F-42E9-AB66-98BC1A640F10}.Release_DLL|x64.ActiveCfg = Release_DLL|x64
		{EF9CA22D-0C8F-42E9-AB66-98BC1A640F10}.Release_DLL|x64.Build.0 = Release_DLL|x64
		{EF9CA22D-0C8F-42E9-AB66-98BC1A640F10}.Release_DLL|x86.ActiveCfg = Release_DLL|Win32
		{EF9CA22D-0C8F-42E9-AB66-98BC1A640F10}.Release_DLL|x86.Build.0 = Release_DLL|Win32
		{EF9CA22D-0C8F-42E9-AB66-98BC1A640F10}.Release|x64.ActiveCfg = Release|x64
		{EF9CA22D-0C8F-42E9-AB66-98BC1A640F10}.Release|x64.Build.0 = Release|x64
		{EF9CA22D-0C8F-42E9-AB66-98BC1A640F10}.Release|x86.ActiveCfg = Release|Win32
		{EF9CA22D-0C8F-42E9-AB66-98BC1A640F10}.Release|x86.Build.0 = Release|Win32
		{A202AA06-F0EE-4B05-86DE-DA63B9F146D4}.Debug_DLL|x64.ActiveCfg = Debug_DLL|x64
		{A202AA06-F0EE-4B05-86DE-DA63B9F146D4}.Debug_DLL|x64.Build.0 = Debug_DLL|x64
		{A202AA06-F0EE-4B05-86DE-DA63B9F146D4}.Debug_DLL|x86.ActiveCfg = Debug_DLL|Win32
		{A202AA06-F0EE-4B05-86DE-DA63B9F146D4}.Debug_DLL|x86.Build.0 = Debug_DLL|Win32
		{A202AA06-F0EE-4B05-86DE-DA63B9F146D4}.Debug|x64.ActiveCfg = Debug|x64
		{A202AA06-F0EE-4B05-86DE-DA63B9F146D4}.Debug|x64.Build.0 = Debug|x64
		{A202AA06-F0EE-4B05-86DE-DA63B9F146D4}.Debug|x86.ActiveCfg = Debug|Win32
		{A202AA06-F0EE-4B05-86DE-DA63B9F146D4}.Debug|x86.Build.0 = Debug|Win32
		{A202AA06-F0EE-4B05-86DE-DA63B9F146D4}.Release_DLL|x64.ActiveCfg = Release_DLL|x64
		{A202AA06-F0EE-4B05-86DE-DA63B9F146D4}.Release_DLL|x64.Build.0 = Release_DLL|x64
		{A202AA06-F0EE-4B05-86DE-DA63B9F146D4}.Release_DLL|x86.ActiveCfg = Release_DLL|Win32
		{A202AA06-F0EE-4B05-86DE-DA63B9F146D4}.Release_DLL|x86.Build.0 = Release_DLL|Win32
		{A202AA06-F0EE-4B05-86DE-DA63B9F146D4}.Release|x64.ActiveCfg = Release|x64
		{A202AA06-F0EE-4B05-86DE-DA63B9F146D4}.Release|x64.Build.0 = Release|x64
		{A202AA06-F0EE-4B05-86DE-DA63B9F146D4}.Release|x86.ActiveCfg = Release|Win32
		{A202AA06-F0EE-4B05-86DE-DA63B9F146D4}.Release|x86.Build.0 = Release|Win32
	EndGlobalSection
	GlobalSection(SolutionProperties) = preSolution
		HideSolutionNode = FALSE
	EndGlobalSection
EndGlobal
